{
  "name": "@pylonide/treehugger",
  "version": "0.1.0",
  "lockfileVersion": 1,
  "requires": true,
  "dependencies": {
    "amd-loader": {
      "version": "0.0.8",
      "resolved": "https://registry.npmjs.org/amd-loader/-/amd-loader-0.0.8.tgz",
      "integrity": "sha1-ECKSgEDlZ+jmpvtYvaBS+BkYkgY=",
      "dev": true
    },
    "asyncjs": {
      "version": "0.0.13",
      "resolved": "https://registry.npmjs.org/asyncjs/-/asyncjs-0.0.13.tgz",
      "integrity": "sha512-ZwrkJ1zbf+LMmFKbb9DylLdcf30HaJ/6vxv/2Yx0Dt/aW8cxWlwNPlBsPB3WUnu9dpbVzjWgp6ix6DdnecUhwg==",
      "dev": true
    }
  }
}
